uuid: 27f816ba-b793-41ec-8802-fe53509388ef
langcode: en
status: true
dependencies:
  content:
    - 'block_content:basic:783ccb03-a769-4e41-af1b-3334ec3de213'
  module:
    - block_content
  theme:
    - olivero
id: olivero_welcomeblock
theme: olivero
region: sidebar
weight: 0
provider: null
plugin: 'block_content:783ccb03-a769-4e41-af1b-3334ec3de213'
settings:
  id: 'block_content:783ccb03-a769-4e41-af1b-3334ec3de213'
  label: 'Welcome block'
  label_display: '0'
  provider: block_content
  status: true
  info: ''
  view_mode: full
visibility: {  }
